{
  "name": "roku-controller",
  "version": "1.0.0",
  "lockfileVersion": 1,
  "requires": true,
  "dependencies": {
    "cron": {
      "version": "2.4.1",
      "resolved": "https://registry.npmjs.org/cron/-/cron-2.4.1.tgz",
      "integrity": "sha512-ty0hUSPuENwDtIShDFxUxWEIsqiu2vhoFtt6Vwrbg4lHGtJX2/cV2p0hH6/qaEM9Pj+i6mQoau48BO5wBpkP4w==",
      "requires": {
        "luxon": "^3.2.1"
      }
    },
    "dayjs": {
      "version": "1.11.9",
      "resolved": "https://registry.npmjs.org/dayjs/-/dayjs-1.11.9.tgz",
      "integrity": "sha512-QvzAURSbQ0pKdIye2txOzNaHmxtUBXerpY0FJsFXUMKbIZeFm5ht1LS/jFsrncjnmtv8HsG0W2g6c0zUjZWmpA=="
    },
    "luxon": {
      "version": "3.4.0",
      "resolved": "https://registry.npmjs.org/luxon/-/luxon-3.4.0.tgz",
      "integrity": "sha512-7eDo4Pt7aGhoCheGFIuq4Xa2fJm4ZpmldpGhjTYBNUYNCN6TIEP6v7chwwwt3KRp7YR+rghbfvjyo3V5y9hgBw=="
    }
  }
}
